{
  "pins" : [
    {
      "identity" : "azvideoplayer",
      "kind" : "remoteSourceControl",
      "location" : "git@github.com:adamzarn/AZVideoPlayer.git",
      "state" : {
        "branch" : "main",
        "revision" : "7d4abac5d5a82b35d0ee08b23474f6653c4a115d"
      }
    },
    {
      "identity" : "slideovercard",
      "kind" : "remoteSourceControl",
      "location" : "git@github.com:joogps/SlideOverCard.git",
      "state" : {
        "revision" : "98af5370e49d3d51efb387aacee0245ec656e32b",
        "version" : "2.1.0"
      }
    }
  ],
  "version" : 2
}
